Microsoft Visual Studio Solution File, Format Version 12.00
# Visual Studio Version 17
VisualStudioVersion = 17.13.35919.96
MinimumVisualStudioVersion = 10.0.40219.1
Project("{FAE04EC0-301F-11D3-BF4B-00C04F79EFBC}") = "Presentation.API", "car-auction-management\Presentation.API.csproj", "{98E74919-2272-4566-8D57-4C3C7DD7A1C4}"
EndProject
Project("{2150E333-8FDC-42A3-9474-1A3956D46DE8}") = "Domain", "Domain", "{02EA681E-C7D8-13C7-8484-4AC65E1B71E8}"
EndProject
Project("{2150E333-8FDC-42A3-9474-1A3956D46DE8}") = "Presentation", "Presentation", "{C43497F7-D4D9-4FEA-9FDB-6F00FE7D1483}"
EndProject
Project("{2150E333-8FDC-42A3-9474-1A3956D46DE8}") = "Infrastructure", "Infrastructure", "{6B023310-9EA9-4BF9-AB0C-E8CFA69ED659}"
EndProject
Project("{2150E333-8FDC-42A3-9474-1A3956D46DE8}") = "Application", "Application", "{B5D4F45F-C1FD-40ED-A112-DDACCD56A2EC}"
EndProject
Global
	GlobalSection(SolutionConfigurationPlatforms) = preSolution
		Debug|Any CPU = Debug|Any CPU
		Release|Any CPU = Release|Any CPU
	EndGlobalSection
	GlobalSection(ProjectConfigurationPlatforms) = postSolution
		{98E74919-2272-4566-8D57-4C3C7DD7A1C4}.Debug|Any CPU.ActiveCfg = Debug|Any CPU
		{98E74919-2272-4566-8D57-4C3C7DD7A1C4}.Debug|Any CPU.Build.0 = Debug|Any CPU
		{98E74919-2272-4566-8D57-4C3C7DD7A1C4}.Release|Any CPU.ActiveCfg = Release|Any CPU
		{98E74919-2272-4566-8D57-4C3C7DD7A1C4}.Release|Any CPU.Build.0 = Release|Any CPU
	EndGlobalSection
	GlobalSection(SolutionProperties) = preSolution
		HideSolutionNode = FALSE
	EndGlobalSection
	GlobalSection(NestedProjects) = preSolution
		{98E74919-2272-4566-8D57-4C3C7DD7A1C4} = {C43497F7-D4D9-4FEA-9FDB-6F00FE7D1483}
	EndGlobalSection
	GlobalSection(ExtensibilityGlobals) = postSolution
		SolutionGuid = {0B018963-B619-4138-A77A-2FEB5542E26C}
	EndGlobalSection
EndGlobal
